
Microsoft Visual Studio Solution File, Format Version 12.00
# Visual Studio Version 17
VisualStudioVersion = 17.5.33424.131
MinimumVisualStudioVersion = 10.0.40219.1
Project("{FAE04EC0-301F-11D3-BF4B-00C04F79EFBC}") = "BooksApp_Spring2024", "BooksApp_Spring2024.csproj", "{A25FDF83-93D2-47A9-8283-5392207674F7}"
EndProject
Global
	GlobalSection(SolutionConfigurationPlatforms) = preSolution
		Debug|Any CPU = Debug|Any CPU
		Release|Any CPU = Release|Any CPU
	EndGlobalSection
	GlobalSection(ProjectConfigurationPlatforms) = postSolution
		{A25FDF83-93D2-47A9-8283-5392207674F7}.Debug|Any CPU.ActiveCfg = Debug|Any CPU
		{A25FDF83-93D2-47A9-8283-5392207674F7}.Debug|Any CPU.Build.0 = Debug|Any CPU
		{A25FDF83-93D2-47A9-8283-5392207674F7}.Release|Any CPU.ActiveCfg = Release|Any CPU
		{A25FDF83-93D2-47A9-8283-5392207674F7}.Release|Any CPU.Build.0 = Release|Any CPU
	EndGlobalSection
	GlobalSection(SolutionProperties) = preSolution
		HideSolutionNode = FALSE
	EndGlobalSection
	GlobalSection(ExtensibilityGlobals) = postSolution
		SolutionGuid = {912FB80C-7D97-455D-AA40-5EDA1F0C5FB3}
	EndGlobalSection
EndGlobal
